// !$*UTF8*$!
{
	archiveVersion = 1;
	classes = {
	};
	objectVersion = 46;
	objects = {

/* Begin PBXBuildFile section */
		0750C73818C1B23A00640D1F /* cover1@2x.png in Resources */ = {isa = PBXBuildFile; fileRef = 0750C73718C1B23A00640D1F /* cover1@2x.png */; };
		0750C73B18C1B35200640D1F /* Cover2ViewController.m in Sources */ = {isa = PBXBuildFile; fileRef = 0750C73A18C1B35200640D1F /* Cover2ViewController.m */; };
		0750C73D18C1B45500640D1F /* cover2@2x.png in Resources */ = {isa = PBXBuildFile; fileRef = 0750C73C18C1B45500640D1F /* cover2@2x.png */; };
		0750C73F18C1B4E300640D1F /* selectCase@2x.png in Resources */ = {isa = PBXBuildFile; fileRef = 0750C73E18C1B4E300640D1F /* selectCase@2x.png */; };
		0750C74118C1BBE500640D1F /* caseButtonSelected@2x.png in Resources */ = {isa = PBXBuildFile; fileRef = 0750C74018C1BBE500640D1F /* caseButtonSelected@2x.png */; };
		0750C74718C1CA6F00640D1F /* leftMenuBG@2x.png in Resources */ = {isa = PBXBuildFile; fileRef = 0750C74618C1CA6F00640D1F /* leftMenuBG@2x.png */; };
		0750C74C18C1CF4200640D1F /* hzqkSelected@2x.png in Resources */ = {isa = PBXBuildFile; fileRef = 0750C74818C1CF4200640D1F /* hzqkSelected@2x.png */; };
		0750C74D18C1CF4200640D1F /* hzqkUnselected@2x.png in Resources */ = {isa = PBXBuildFile; fileRef = 0750C74918C1CF4200640D1F /* hzqkUnselected@2x.png */; };
		0750C74E18C1CF4200640D1F /* lcjcSelected@2x.png in Resources */ = {isa = PBXBuildFile; fileRef = 0750C74A18C1CF4200640D1F /* lcjcSelected@2x.png */; };
		0750C74F18C1CF4200640D1F /* lcjcUnselected@2x.png in Resources */ = {isa = PBXBuildFile; fileRef = 0750C74B18C1CF4200640D1F /* lcjcUnselected@2x.png */; };
		0759650618C1D55700B17B2D /* bcjzSelected@2x.png in Resources */ = {isa = PBXBuildFile; fileRef = 0759650018C1D55700B17B2D /* bcjzSelected@2x.png */; };
		0759650718C1D55700B17B2D /* bcjzUnselected@2x.png in Resources */ = {isa = PBXBuildFile; fileRef = 0759650118C1D55700B17B2D /* bcjzUnselected@2x.png */; };
		0759650818C1D55700B17B2D /* zdjgSelected@2x.png in Resources */ = {isa = PBXBuildFile; fileRef = 0759650218C1D55700B17B2D /* zdjgSelected@2x.png */; };
		0759650918C1D55700B17B2D /* zdjgUnselected@2x.png in Resources */ = {isa = PBXBuildFile; fileRef = 0759650318C1D55700B17B2D /* zdjgUnselected@2x.png */; };
		0759650A18C1D55700B17B2D /* zlfaSelected@2x.png in Resources */ = {isa = PBXBuildFile; fileRef = 0759650418C1D55700B17B2D /* zlfaSelected@2x.png */; };
		0759650B18C1D55700B17B2D /* zlfaUnselected@2x.png in Resources */ = {isa = PBXBuildFile; fileRef = 0759650518C1D55700B17B2D /* zlfaUnselected@2x.png */; };
		07AF0AAD18BCDC8C002356CE /* Foundation.framework in Frameworks */ = {isa = PBXBuildFile; fileRef = 07AF0AAC18BCDC8C002356CE /* Foundation.framework */; };
		07AF0AAF18BCDC8C002356CE /* CoreGraphics.framework in Frameworks */ = {isa = PBXBuildFile; fileRef = 07AF0AAE18BCDC8C002356CE /* CoreGraphics.framework */; };
		07AF0AB118BCDC8C002356CE /* UIKit.framework in Frameworks */ = {isa = PBXBuildFile; fileRef = 07AF0AB018BCDC8C002356CE /* UIKit.framework */; };
		07AF0AB718BCDC8C002356CE /* InfoPlist.strings in Resources */ = {isa = PBXBuildFile; fileRef = 07AF0AB518BCDC8C002356CE /* InfoPlist.strings */; };
		07AF0AB918BCDC8C002356CE /* main.m in Sources */ = {isa = PBXBuildFile; fileRef = 07AF0AB818BCDC8C002356CE /* main.m */; };
		07AF0ABD18BCDC8C002356CE /* AppDelegate.m in Sources */ = {isa = PBXBuildFile; fileRef = 07AF0ABC18BCDC8C002356CE /* AppDelegate.m */; };
		07AF0AC018BCDC8C002356CE /* Main.storyboard in Resources */ = {isa = PBXBuildFile; fileRef = 07AF0ABE18BCDC8C002356CE /* Main.storyboard */; };
		07AF0AC518BCDC8C002356CE /* Images.xcassets in Resources */ = {isa = PBXBuildFile; fileRef = 07AF0AC418BCDC8C002356CE /* Images.xcassets */; };
		07AF0ACC18BCDC8C002356CE /* XCTest.framework in Frameworks */ = {isa = PBXBuildFile; fileRef = 07AF0ACB18BCDC8C002356CE /* XCTest.framework */; };
		07AF0ACD18BCDC8C002356CE /* Foundation.framework in Frameworks */ = {isa = PBXBuildFile; fileRef = 07AF0AAC18BCDC8C002356CE /* Foundation.framework */; };
		07AF0ACE18BCDC8C002356CE /* UIKit.framework in Frameworks */ = {isa = PBXBuildFile; fileRef = 07AF0AB018BCDC8C002356CE /* UIKit.framework */; };
		07AF0AD618BCDC8C002356CE /* InfoPlist.strings in Resources */ = {isa = PBXBuildFile; fileRef = 07AF0AD418BCDC8C002356CE /* InfoPlist.strings */; };
		07AF0AD818BCDC8C002356CE /* Work_For_Fun_20140225Tests.m in Sources */ = {isa = PBXBuildFile; fileRef = 07AF0AD718BCDC8C002356CE /* Work_For_Fun_20140225Tests.m */; };
		07AF0AE718BE325B002356CE /* CoverViewController.m in Sources */ = {isa = PBXBuildFile; fileRef = 07AF0AE618BE325B002356CE /* CoverViewController.m */; };
		07AF0AEA18BE3A08002356CE /* SelectCaseViewController.m in Sources */ = {isa = PBXBuildFile; fileRef = 07AF0AE918BE3A08002356CE /* SelectCaseViewController.m */; };
		07AF0B2E18BF07A5002356CE /* MainViewController.m in Sources */ = {isa = PBXBuildFile; fileRef = 07AF0B2D18BF07A5002356CE /* MainViewController.m */; };
		07AF0B3118BF0A85002356CE /* LLUIView.m in Sources */ = {isa = PBXBuildFile; fileRef = 07AF0B3018BF0A85002356CE /* LLUIView.m */; };
		07AF0B3418BF0A9E002356CE /* LLUIButton.m in Sources */ = {isa = PBXBuildFile; fileRef = 07AF0B3318BF0A9E002356CE /* LLUIButton.m */; };
		07AF0B3718BF0BFE002356CE /* LLGlobalContant.m in Sources */ = {isa = PBXBuildFile; fileRef = 07AF0B3618BF0BFE002356CE /* LLGlobalContant.m */; };
		07B52C2A18C620340003B3C2 /* MBProgressHUD.m in Sources */ = {isa = PBXBuildFile; fileRef = 07B52C2918C620340003B3C2 /* MBProgressHUD.m */; };
		07B52C2D18C62BEF0003B3C2 /* Settings.bundle in Resources */ = {isa = PBXBuildFile; fileRef = 07B52C2C18C62BEF0003B3C2 /* Settings.bundle */; };
		07D2AD6918C3468300FEC498 /* MobileCoreServices.framework in Frameworks */ = {isa = PBXBuildFile; fileRef = 07D2AD6818C3468300FEC498 /* MobileCoreServices.framework */; };
		07D2AD6B18C3468D00FEC498 /* SystemConfiguration.framework in Frameworks */ = {isa = PBXBuildFile; fileRef = 07D2AD6A18C3468D00FEC498 /* SystemConfiguration.framework */; };
		07D2AD6D18C3469400FEC498 /* Security.framework in Frameworks */ = {isa = PBXBuildFile; fileRef = 07D2AD6C18C3469400FEC498 /* Security.framework */; };
		07D2AD6F18C3469C00FEC498 /* CoreLocation.framework in Frameworks */ = {isa = PBXBuildFile; fileRef = 07D2AD6E18C3469C00FEC498 /* CoreLocation.framework */; };
		07D2AD9718C3473F00FEC498 /* AFHTTPRequestOperation.m in Sources */ = {isa = PBXBuildFile; fileRef = 07D2AD7318C3473F00FEC498 /* AFHTTPRequestOperation.m */; };
		07D2AD9818C3473F00FEC498 /* AFHTTPRequestOperationManager.m in Sources */ = {isa = PBXBuildFile; fileRef = 07D2AD7518C3473F00FEC498 /* AFHTTPRequestOperationManager.m */; };
		07D2AD9918C3473F00FEC498 /* AFHTTPSessionManager.m in Sources */ = {isa = PBXBuildFile; fileRef = 07D2AD7718C3473F00FEC498 /* AFHTTPSessionManager.m */; };
		07D2AD9A18C3473F00FEC498 /* AFNetworkReachabilityManager.m in Sources */ = {isa = PBXBuildFile; fileRef = 07D2AD7A18C3473F00FEC498 /* AFNetworkReachabilityManager.m */; };
		07D2AD9B18C3473F00FEC498 /* AFSecurityPolicy.m in Sources */ = {isa = PBXBuildFile; fileRef = 07D2AD7C18C3473F00FEC498 /* AFSecurityPolicy.m */; };
		07D2AD9C18C3473F00FEC498 /* AFURLConnectionOperation.m in Sources */ = {isa = PBXBuildFile; fileRef = 07D2AD7E18C3473F00FEC498 /* AFURLConnectionOperation.m */; };
		07D2AD9D18C3473F00FEC498 /* AFURLRequestSerialization.m in Sources */ = {isa = PBXBuildFile; fileRef = 07D2AD8018C3473F00FEC498 /* AFURLRequestSerialization.m */; };
		07D2AD9E18C3473F00FEC498 /* AFURLResponseSerialization.m in Sources */ = {isa = PBXBuildFile; fileRef = 07D2AD8218C3473F00FEC498 /* AFURLResponseSerialization.m */; };
		07D2AD9F18C3473F00FEC498 /* AFURLSessionManager.m in Sources */ = {isa = PBXBuildFile; fileRef = 07D2AD8418C3473F00FEC498 /* AFURLSessionManager.m */; };
		07D2ADA018C3473F00FEC498 /* AFNetworkActivityIndicatorManager.m in Sources */ = {isa = PBXBuildFile; fileRef = 07D2AD8718C3473F00FEC498 /* AFNetworkActivityIndicatorManager.m */; };
		07D2ADA118C3473F00FEC498 /* UIActivityIndicatorView+AFNetworking.m in Sources */ = {isa = PBXBuildFile; fileRef = 07D2AD8918C3473F00FEC498 /* UIActivityIndicatorView+AFNetworking.m */; };
		07D2ADA218C3473F00FEC498 /* UIAlertView+AFNetworking.m in Sources */ = {isa = PBXBuildFile; fileRef = 07D2AD8B18C3473F00FEC498 /* UIAlertView+AFNetworking.m */; };
		07D2ADA318C3473F00FEC498 /* UIButton+AFNetworking.m in Sources */ = {isa = PBXBuildFile; fileRef = 07D2AD8D18C3473F00FEC498 /* UIButton+AFNetworking.m */; };
		07D2ADA418C3473F00FEC498 /* UIImageView+AFNetworking.m in Sources */ = {isa = PBXBuildFile; fileRef = 07D2AD8F18C3473F00FEC498 /* UIImageView+AFNetworking.m */; };
		07D2ADA518C3473F00FEC498 /* UIProgressView+AFNetworking.m in Sources */ = {isa = PBXBuildFile; fileRef = 07D2AD9218C3473F00FEC498 /* UIProgressView+AFNetworking.m */; };
		07D2ADA618C3473F00FEC498 /* UIRefreshControl+AFNetworking.m in Sources */ = {isa = PBXBuildFile; fileRef = 07D2AD9418C3473F00FEC498 /* UIRefreshControl+AFNetworking.m */; };
		07D2ADA718C3473F00FEC498 /* UIWebView+AFNetworking.m in Sources */ = {isa = PBXBuildFile; fileRef = 07D2AD9618C3473F00FEC498 /* UIWebView+AFNetworking.m */; };
		07D5284518CA27DA005FCB7A /* hzqkBG@2x.png in Resources */ = {isa = PBXBuildFile; fileRef = 07D5284418CA27DA005FCB7A /* hzqkBG@2x.png */; };
		07D5284718CAB8CA005FCB7A /* lcjcBG@2x.png in Resources */ = {isa = PBXBuildFile; fileRef = 07D5284618CAB8CA005FCB7A /* lcjcBG@2x.png */; };
		07D5284D18CAC70F005FCB7A /* lcjcCellRightButtonSelected@2x.png in Resources */ = {isa = PBXBuildFile; fileRef = 07D5284B18CAC70F005FCB7A /* lcjcCellRightButtonSelected@2x.png */; };
		07D5284E18CAC70F005FCB7A /* lcjcCellRightButtonUnselected@2x.png in Resources */ = {isa = PBXBuildFile; fileRef = 07D5284C18CAC70F005FCB7A /* lcjcCellRightButtonUnselected@2x.png */; };
		CEA743EC18CA137C003CF3F8 /* ZDJGPage1ViewController.m in Sources */ = {isa = PBXBuildFile; fileRef = CEA743EB18CA137C003CF3F8 /* ZDJGPage1ViewController.m */; };
		CEA743EE18CA1E05003CF3F8 /* ZDJGM1.png in Resources */ = {isa = PBXBuildFile; fileRef = CEA743ED18CA1E05003CF3F8 /* ZDJGM1.png */; };
		CE1CAC0618CAFC3C00BC0F4E /* qzButton@2x.png in Resources */ = {isa = PBXBuildFile; fileRef = CE1CAC0518CAFC3C00BC0F4E /* qzButton@2x.png */; };
		CEA743EE18CA1E05003CF3F8 /* ZDJGM1@2x.png in Resources */ = {isa = PBXBuildFile; fileRef = CEA743ED18CA1E05003CF3F8 /* ZDJGM1@2x.png */; };
		CEA743F218CA2037003CF3F8 /* LLUIPickView.m in Sources */ = {isa = PBXBuildFile; fileRef = CEA743F118CA2037003CF3F8 /* LLUIPickView.m */; };
		CEB92C2918C63707009928EB /* UIFont+MicrosoftFont.m in Sources */ = {isa = PBXBuildFile; fileRef = CEB92C2818C63707009928EB /* UIFont+MicrosoftFont.m */; };
		CEB92C2C18C75AD1009928EB /* MSYH.TTF in Resources */ = {isa = PBXBuildFile; fileRef = CEB92C2A18C75AD1009928EB /* MSYH.TTF */; };
/* End PBXBuildFile section */

/* Begin PBXContainerItemProxy section */
		07AF0ACF18BCDC8C002356CE /* PBXContainerItemProxy */ = {
			isa = PBXContainerItemProxy;
			containerPortal = 07AF0AA118BCDC8C002356CE /* Project object */;
			proxyType = 1;
			remoteGlobalIDString = 07AF0AA818BCDC8C002356CE;
			remoteInfo = Work_For_Fun_20140225;
		};
/* End PBXContainerItemProxy section */

/* Begin PBXFileReference section */
		0750C73718C1B23A00640D1F /* cover1@2x.png */ = {isa = PBXFileReference; lastKnownFileType = image.png; path = "cover1@2x.png"; sourceTree = "<group>"; };
		0750C73918C1B35200640D1F /* Cover2ViewController.h */ = {isa = PBXFileReference; fileEncoding = 4; lastKnownFileType = sourcecode.c.h; path = Cover2ViewController.h; sourceTree = "<group>"; };
		0750C73A18C1B35200640D1F /* Cover2ViewController.m */ = {isa = PBXFileReference; fileEncoding = 4; lastKnownFileType = sourcecode.c.objc; path = Cover2ViewController.m; sourceTree = "<group>"; };
		0750C73C18C1B45500640D1F /* cover2@2x.png */ = {isa = PBXFileReference; lastKnownFileType = image.png; path = "cover2@2x.png"; sourceTree = "<group>"; };
		0750C73E18C1B4E300640D1F /* selectCase@2x.png */ = {isa = PBXFileReference; lastKnownFileType = image.png; path = "selectCase@2x.png"; sourceTree = "<group>"; };
		0750C74018C1BBE500640D1F /* caseButtonSelected@2x.png */ = {isa = PBXFileReference; lastKnownFileType = image.png; path = "caseButtonSelected@2x.png"; sourceTree = "<group>"; };
		0750C74618C1CA6F00640D1F /* leftMenuBG@2x.png */ = {isa = PBXFileReference; lastKnownFileType = image.png; path = "leftMenuBG@2x.png"; sourceTree = "<group>"; };
		0750C74818C1CF4200640D1F /* hzqkSelected@2x.png */ = {isa = PBXFileReference; lastKnownFileType = image.png; path = "hzqkSelected@2x.png"; sourceTree = "<group>"; };
		0750C74918C1CF4200640D1F /* hzqkUnselected@2x.png */ = {isa = PBXFileReference; lastKnownFileType = image.png; path = "hzqkUnselected@2x.png"; sourceTree = "<group>"; };
		0750C74A18C1CF4200640D1F /* lcjcSelected@2x.png */ = {isa = PBXFileReference; lastKnownFileType = image.png; path = "lcjcSelected@2x.png"; sourceTree = "<group>"; };
		0750C74B18C1CF4200640D1F /* lcjcUnselected@2x.png */ = {isa = PBXFileReference; lastKnownFileType = image.png; path = "lcjcUnselected@2x.png"; sourceTree = "<group>"; };
		0759650018C1D55700B17B2D /* bcjzSelected@2x.png */ = {isa = PBXFileReference; lastKnownFileType = image.png; path = "bcjzSelected@2x.png"; sourceTree = "<group>"; };
		0759650118C1D55700B17B2D /* bcjzUnselected@2x.png */ = {isa = PBXFileReference; lastKnownFileType = image.png; path = "bcjzUnselected@2x.png"; sourceTree = "<group>"; };
		0759650218C1D55700B17B2D /* zdjgSelected@2x.png */ = {isa = PBXFileReference; lastKnownFileType = image.png; path = "zdjgSelected@2x.png"; sourceTree = "<group>"; };
		0759650318C1D55700B17B2D /* zdjgUnselected@2x.png */ = {isa = PBXFileReference; lastKnownFileType = image.png; path = "zdjgUnselected@2x.png"; sourceTree = "<group>"; };
		0759650418C1D55700B17B2D /* zlfaSelected@2x.png */ = {isa = PBXFileReference; lastKnownFileType = image.png; path = "zlfaSelected@2x.png"; sourceTree = "<group>"; };
		0759650518C1D55700B17B2D /* zlfaUnselected@2x.png */ = {isa = PBXFileReference; lastKnownFileType = image.png; path = "zlfaUnselected@2x.png"; sourceTree = "<group>"; };
		07AF0AA918BCDC8C002356CE /* Work_For_Fun_20140225.app */ = {isa = PBXFileReference; explicitFileType = wrapper.application; includeInIndex = 0; path = Work_For_Fun_20140225.app; sourceTree = BUILT_PRODUCTS_DIR; };
		07AF0AAC18BCDC8C002356CE /* Foundation.framework */ = {isa = PBXFileReference; lastKnownFileType = wrapper.framework; name = Foundation.framework; path = System/Library/Frameworks/Foundation.framework; sourceTree = SDKROOT; };
		07AF0AAE18BCDC8C002356CE /* CoreGraphics.framework */ = {isa = PBXFileReference; lastKnownFileType = wrapper.framework; name = CoreGraphics.framework; path = System/Library/Frameworks/CoreGraphics.framework; sourceTree = SDKROOT; };
		07AF0AB018BCDC8C002356CE /* UIKit.framework */ = {isa = PBXFileReference; lastKnownFileType = wrapper.framework; name = UIKit.framework; path = System/Library/Frameworks/UIKit.framework; sourceTree = SDKROOT; };
		07AF0AB418BCDC8C002356CE /* Work_For_Fun_20140225-Info.plist */ = {isa = PBXFileReference; lastKnownFileType = text.plist.xml; path = "Work_For_Fun_20140225-Info.plist"; sourceTree = "<group>"; };
		07AF0AB618BCDC8C002356CE /* en */ = {isa = PBXFileReference; lastKnownFileType = text.plist.strings; name = en; path = en.lproj/InfoPlist.strings; sourceTree = "<group>"; };
		07AF0AB818BCDC8C002356CE /* main.m */ = {isa = PBXFileReference; lastKnownFileType = sourcecode.c.objc; path = main.m; sourceTree = "<group>"; };
		07AF0ABA18BCDC8C002356CE /* Work_For_Fun_20140225-Prefix.pch */ = {isa = PBXFileReference; lastKnownFileType = sourcecode.c.h; path = "Work_For_Fun_20140225-Prefix.pch"; sourceTree = "<group>"; };
		07AF0ABB18BCDC8C002356CE /* AppDelegate.h */ = {isa = PBXFileReference; lastKnownFileType = sourcecode.c.h; path = AppDelegate.h; sourceTree = "<group>"; };
		07AF0ABC18BCDC8C002356CE /* AppDelegate.m */ = {isa = PBXFileReference; lastKnownFileType = sourcecode.c.objc; path = AppDelegate.m; sourceTree = "<group>"; };
		07AF0ABF18BCDC8C002356CE /* Base */ = {isa = PBXFileReference; lastKnownFileType = file.storyboard; name = Base; path = Base.lproj/Main.storyboard; sourceTree = "<group>"; };
		07AF0AC418BCDC8C002356CE /* Images.xcassets */ = {isa = PBXFileReference; lastKnownFileType = folder.assetcatalog; path = Images.xcassets; sourceTree = "<group>"; };
		07AF0ACA18BCDC8C002356CE /* Work_For_Fun_20140225Tests.xctest */ = {isa = PBXFileReference; explicitFileType = wrapper.cfbundle; includeInIndex = 0; path = Work_For_Fun_20140225Tests.xctest; sourceTree = BUILT_PRODUCTS_DIR; };
		07AF0ACB18BCDC8C002356CE /* XCTest.framework */ = {isa = PBXFileReference; lastKnownFileType = wrapper.framework; name = XCTest.framework; path = Library/Frameworks/XCTest.framework; sourceTree = DEVELOPER_DIR; };
		07AF0AD318BCDC8C002356CE /* Work_For_Fun_20140225Tests-Info.plist */ = {isa = PBXFileReference; lastKnownFileType = text.plist.xml; path = "Work_For_Fun_20140225Tests-Info.plist"; sourceTree = "<group>"; };
		07AF0AD518BCDC8C002356CE /* en */ = {isa = PBXFileReference; lastKnownFileType = text.plist.strings; name = en; path = en.lproj/InfoPlist.strings; sourceTree = "<group>"; };
		07AF0AD718BCDC8C002356CE /* Work_For_Fun_20140225Tests.m */ = {isa = PBXFileReference; lastKnownFileType = sourcecode.c.objc; path = Work_For_Fun_20140225Tests.m; sourceTree = "<group>"; };
		07AF0AE518BE325B002356CE /* CoverViewController.h */ = {isa = PBXFileReference; fileEncoding = 4; lastKnownFileType = sourcecode.c.h; path = CoverViewController.h; sourceTree = "<group>"; };
		07AF0AE618BE325B002356CE /* CoverViewController.m */ = {isa = PBXFileReference; fileEncoding = 4; lastKnownFileType = sourcecode.c.objc; path = CoverViewController.m; sourceTree = "<group>"; };
		07AF0AE818BE3A08002356CE /* SelectCaseViewController.h */ = {isa = PBXFileReference; fileEncoding = 4; lastKnownFileType = sourcecode.c.h; path = SelectCaseViewController.h; sourceTree = "<group>"; };
		07AF0AE918BE3A08002356CE /* SelectCaseViewController.m */ = {isa = PBXFileReference; fileEncoding = 4; lastKnownFileType = sourcecode.c.objc; path = SelectCaseViewController.m; sourceTree = "<group>"; };
		07AF0B2C18BF07A5002356CE /* MainViewController.h */ = {isa = PBXFileReference; fileEncoding = 4; lastKnownFileType = sourcecode.c.h; path = MainViewController.h; sourceTree = "<group>"; };
		07AF0B2D18BF07A5002356CE /* MainViewController.m */ = {isa = PBXFileReference; fileEncoding = 4; lastKnownFileType = sourcecode.c.objc; path = MainViewController.m; sourceTree = "<group>"; };
		07AF0B2F18BF0A85002356CE /* LLUIView.h */ = {isa = PBXFileReference; fileEncoding = 4; lastKnownFileType = sourcecode.c.h; path = LLUIView.h; sourceTree = "<group>"; };
		07AF0B3018BF0A85002356CE /* LLUIView.m */ = {isa = PBXFileReference; fileEncoding = 4; lastKnownFileType = sourcecode.c.objc; path = LLUIView.m; sourceTree = "<group>"; };
		07AF0B3218BF0A9E002356CE /* LLUIButton.h */ = {isa = PBXFileReference; fileEncoding = 4; lastKnownFileType = sourcecode.c.h; path = LLUIButton.h; sourceTree = "<group>"; };
		07AF0B3318BF0A9E002356CE /* LLUIButton.m */ = {isa = PBXFileReference; fileEncoding = 4; lastKnownFileType = sourcecode.c.objc; path = LLUIButton.m; sourceTree = "<group>"; };
		07AF0B3518BF0BFE002356CE /* LLGlobalContant.h */ = {isa = PBXFileReference; fileEncoding = 4; lastKnownFileType = sourcecode.c.h; path = LLGlobalContant.h; sourceTree = "<group>"; };
		07AF0B3618BF0BFE002356CE /* LLGlobalContant.m */ = {isa = PBXFileReference; fileEncoding = 4; lastKnownFileType = sourcecode.c.objc; path = LLGlobalContant.m; sourceTree = "<group>"; };
		07B52C2818C620340003B3C2 /* MBProgressHUD.h */ = {isa = PBXFileReference; fileEncoding = 4; lastKnownFileType = sourcecode.c.h; path = MBProgressHUD.h; sourceTree = "<group>"; };
		07B52C2918C620340003B3C2 /* MBProgressHUD.m */ = {isa = PBXFileReference; fileEncoding = 4; lastKnownFileType = sourcecode.c.objc; path = MBProgressHUD.m; sourceTree = "<group>"; };
		07B52C2C18C62BEF0003B3C2 /* Settings.bundle */ = {isa = PBXFileReference; lastKnownFileType = "wrapper.plug-in"; path = Settings.bundle; sourceTree = "<group>"; };
		07D2AD6818C3468300FEC498 /* MobileCoreServices.framework */ = {isa = PBXFileReference; lastKnownFileType = wrapper.framework; name = MobileCoreServices.framework; path = System/Library/Frameworks/MobileCoreServices.framework; sourceTree = SDKROOT; };
		07D2AD6A18C3468D00FEC498 /* SystemConfiguration.framework */ = {isa = PBXFileReference; lastKnownFileType = wrapper.framework; name = SystemConfiguration.framework; path = System/Library/Frameworks/SystemConfiguration.framework; sourceTree = SDKROOT; };
		07D2AD6C18C3469400FEC498 /* Security.framework */ = {isa = PBXFileReference; lastKnownFileType = wrapper.framework; name = Security.framework; path = System/Library/Frameworks/Security.framework; sourceTree = SDKROOT; };
		07D2AD6E18C3469C00FEC498 /* CoreLocation.framework */ = {isa = PBXFileReference; lastKnownFileType = wrapper.framework; name = CoreLocation.framework; path = System/Library/Frameworks/CoreLocation.framework; sourceTree = SDKROOT; };
		07D2AD7218C3473F00FEC498 /* AFHTTPRequestOperation.h */ = {isa = PBXFileReference; fileEncoding = 4; lastKnownFileType = sourcecode.c.h; path = AFHTTPRequestOperation.h; sourceTree = "<group>"; };
		07D2AD7318C3473F00FEC498 /* AFHTTPRequestOperation.m */ = {isa = PBXFileReference; fileEncoding = 4; lastKnownFileType = sourcecode.c.objc; path = AFHTTPRequestOperation.m; sourceTree = "<group>"; };
		07D2AD7418C3473F00FEC498 /* AFHTTPRequestOperationManager.h */ = {isa = PBXFileReference; fileEncoding = 4; lastKnownFileType = sourcecode.c.h; path = AFHTTPRequestOperationManager.h; sourceTree = "<group>"; };
		07D2AD7518C3473F00FEC498 /* AFHTTPRequestOperationManager.m */ = {isa = PBXFileReference; fileEncoding = 4; lastKnownFileType = sourcecode.c.objc; path = AFHTTPRequestOperationManager.m; sourceTree = "<group>"; };
		07D2AD7618C3473F00FEC498 /* AFHTTPSessionManager.h */ = {isa = PBXFileReference; fileEncoding = 4; lastKnownFileType = sourcecode.c.h; path = AFHTTPSessionManager.h; sourceTree = "<group>"; };
		07D2AD7718C3473F00FEC498 /* AFHTTPSessionManager.m */ = {isa = PBXFileReference; fileEncoding = 4; lastKnownFileType = sourcecode.c.objc; path = AFHTTPSessionManager.m; sourceTree = "<group>"; };
		07D2AD7818C3473F00FEC498 /* AFNetworking.h */ = {isa = PBXFileReference; fileEncoding = 4; lastKnownFileType = sourcecode.c.h; path = AFNetworking.h; sourceTree = "<group>"; };
		07D2AD7918C3473F00FEC498 /* AFNetworkReachabilityManager.h */ = {isa = PBXFileReference; fileEncoding = 4; lastKnownFileType = sourcecode.c.h; path = AFNetworkReachabilityManager.h; sourceTree = "<group>"; };
		07D2AD7A18C3473F00FEC498 /* AFNetworkReachabilityManager.m */ = {isa = PBXFileReference; fileEncoding = 4; lastKnownFileType = sourcecode.c.objc; path = AFNetworkReachabilityManager.m; sourceTree = "<group>"; };
		07D2AD7B18C3473F00FEC498 /* AFSecurityPolicy.h */ = {isa = PBXFileReference; fileEncoding = 4; lastKnownFileType = sourcecode.c.h; path = AFSecurityPolicy.h; sourceTree = "<group>"; };
		07D2AD7C18C3473F00FEC498 /* AFSecurityPolicy.m */ = {isa = PBXFileReference; fileEncoding = 4; lastKnownFileType = sourcecode.c.objc; path = AFSecurityPolicy.m; sourceTree = "<group>"; };
		07D2AD7D18C3473F00FEC498 /* AFURLConnectionOperation.h */ = {isa = PBXFileReference; fileEncoding = 4; lastKnownFileType = sourcecode.c.h; path = AFURLConnectionOperation.h; sourceTree = "<group>"; };
		07D2AD7E18C3473F00FEC498 /* AFURLConnectionOperation.m */ = {isa = PBXFileReference; fileEncoding = 4; lastKnownFileType = sourcecode.c.objc; path = AFURLConnectionOperation.m; sourceTree = "<group>"; };
		07D2AD7F18C3473F00FEC498 /* AFURLRequestSerialization.h */ = {isa = PBXFileReference; fileEncoding = 4; lastKnownFileType = sourcecode.c.h; path = AFURLRequestSerialization.h; sourceTree = "<group>"; };
		07D2AD8018C3473F00FEC498 /* AFURLRequestSerialization.m */ = {isa = PBXFileReference; fileEncoding = 4; lastKnownFileType = sourcecode.c.objc; path = AFURLRequestSerialization.m; sourceTree = "<group>"; };
		07D2AD8118C3473F00FEC498 /* AFURLResponseSerialization.h */ = {isa = PBXFileReference; fileEncoding = 4; lastKnownFileType = sourcecode.c.h; path = AFURLResponseSerialization.h; sourceTree = "<group>"; };
		07D2AD8218C3473F00FEC498 /* AFURLResponseSerialization.m */ = {isa = PBXFileReference; fileEncoding = 4; lastKnownFileType = sourcecode.c.objc; path = AFURLResponseSerialization.m; sourceTree = "<group>"; };
		07D2AD8318C3473F00FEC498 /* AFURLSessionManager.h */ = {isa = PBXFileReference; fileEncoding = 4; lastKnownFileType = sourcecode.c.h; path = AFURLSessionManager.h; sourceTree = "<group>"; };
		07D2AD8418C3473F00FEC498 /* AFURLSessionManager.m */ = {isa = PBXFileReference; fileEncoding = 4; lastKnownFileType = sourcecode.c.objc; path = AFURLSessionManager.m; sourceTree = "<group>"; };
		07D2AD8618C3473F00FEC498 /* AFNetworkActivityIndicatorManager.h */ = {isa = PBXFileReference; fileEncoding = 4; lastKnownFileType = sourcecode.c.h; path = AFNetworkActivityIndicatorManager.h; sourceTree = "<group>"; };
		07D2AD8718C3473F00FEC498 /* AFNetworkActivityIndicatorManager.m */ = {isa = PBXFileReference; fileEncoding = 4; lastKnownFileType = sourcecode.c.objc; path = AFNetworkActivityIndicatorManager.m; sourceTree = "<group>"; };
		07D2AD8818C3473F00FEC498 /* UIActivityIndicatorView+AFNetworking.h */ = {isa = PBXFileReference; fileEncoding = 4; lastKnownFileType = sourcecode.c.h; path = "UIActivityIndicatorView+AFNetworking.h"; sourceTree = "<group>"; };
		07D2AD8918C3473F00FEC498 /* UIActivityIndicatorView+AFNetworking.m */ = {isa = PBXFileReference; fileEncoding = 4; lastKnownFileType = sourcecode.c.objc; path = "UIActivityIndicatorView+AFNetworking.m"; sourceTree = "<group>"; };
		07D2AD8A18C3473F00FEC498 /* UIAlertView+AFNetworking.h */ = {isa = PBXFileReference; fileEncoding = 4; lastKnownFileType = sourcecode.c.h; path = "UIAlertView+AFNetworking.h"; sourceTree = "<group>"; };
		07D2AD8B18C3473F00FEC498 /* UIAlertView+AFNetworking.m */ = {isa = PBXFileReference; fileEncoding = 4; lastKnownFileType = sourcecode.c.objc; path = "UIAlertView+AFNetworking.m"; sourceTree = "<group>"; };
		07D2AD8C18C3473F00FEC498 /* UIButton+AFNetworking.h */ = {isa = PBXFileReference; fileEncoding = 4; lastKnownFileType = sourcecode.c.h; path = "UIButton+AFNetworking.h"; sourceTree = "<group>"; };
		07D2AD8D18C3473F00FEC498 /* UIButton+AFNetworking.m */ = {isa = PBXFileReference; fileEncoding = 4; lastKnownFileType = sourcecode.c.objc; path = "UIButton+AFNetworking.m"; sourceTree = "<group>"; };
		07D2AD8E18C3473F00FEC498 /* UIImageView+AFNetworking.h */ = {isa = PBXFileReference; fileEncoding = 4; lastKnownFileType = sourcecode.c.h; path = "UIImageView+AFNetworking.h"; sourceTree = "<group>"; };
		07D2AD8F18C3473F00FEC498 /* UIImageView+AFNetworking.m */ = {isa = PBXFileReference; fileEncoding = 4; lastKnownFileType = sourcecode.c.objc; path = "UIImageView+AFNetworking.m"; sourceTree = "<group>"; };
		07D2AD9018C3473F00FEC498 /* UIKit+AFNetworking.h */ = {isa = PBXFileReference; fileEncoding = 4; lastKnownFileType = sourcecode.c.h; path = "UIKit+AFNetworking.h"; sourceTree = "<group>"; };
		07D2AD9118C3473F00FEC498 /* UIProgressView+AFNetworking.h */ = {isa = PBXFileReference; fileEncoding = 4; lastKnownFileType = sourcecode.c.h; path = "UIProgressView+AFNetworking.h"; sourceTree = "<group>"; };
		07D2AD9218C3473F00FEC498 /* UIProgressView+AFNetworking.m */ = {isa = PBXFileReference; fileEncoding = 4; lastKnownFileType = sourcecode.c.objc; path = "UIProgressView+AFNetworking.m"; sourceTree = "<group>"; };
		07D2AD9318C3473F00FEC498 /* UIRefreshControl+AFNetworking.h */ = {isa = PBXFileReference; fileEncoding = 4; lastKnownFileType = sourcecode.c.h; path = "UIRefreshControl+AFNetworking.h"; sourceTree = "<group>"; };
		07D2AD9418C3473F00FEC498 /* UIRefreshControl+AFNetworking.m */ = {isa = PBXFileReference; fileEncoding = 4; lastKnownFileType = sourcecode.c.objc; path = "UIRefreshControl+AFNetworking.m"; sourceTree = "<group>"; };
		07D2AD9518C3473F00FEC498 /* UIWebView+AFNetworking.h */ = {isa = PBXFileReference; fileEncoding = 4; lastKnownFileType = sourcecode.c.h; path = "UIWebView+AFNetworking.h"; sourceTree = "<group>"; };
		07D2AD9618C3473F00FEC498 /* UIWebView+AFNetworking.m */ = {isa = PBXFileReference; fileEncoding = 4; lastKnownFileType = sourcecode.c.objc; path = "UIWebView+AFNetworking.m"; sourceTree = "<group>"; };
		07D5284418CA27DA005FCB7A /* hzqkBG@2x.png */ = {isa = PBXFileReference; lastKnownFileType = image.png; path = "hzqkBG@2x.png"; sourceTree = "<group>"; };
		07D5284618CAB8CA005FCB7A /* lcjcBG@2x.png */ = {isa = PBXFileReference; lastKnownFileType = image.png; path = "lcjcBG@2x.png"; sourceTree = "<group>"; };
		07D5284B18CAC70F005FCB7A /* lcjcCellRightButtonSelected@2x.png */ = {isa = PBXFileReference; lastKnownFileType = image.png; path = "lcjcCellRightButtonSelected@2x.png"; sourceTree = "<group>"; };
		07D5284C18CAC70F005FCB7A /* lcjcCellRightButtonUnselected@2x.png */ = {isa = PBXFileReference; lastKnownFileType = image.png; path = "lcjcCellRightButtonUnselected@2x.png"; sourceTree = "<group>"; };
		CEA743EA18CA137C003CF3F8 /* ZDJGPage1ViewController.h */ = {isa = PBXFileReference; fileEncoding = 4; lastKnownFileType = sourcecode.c.h; path = ZDJGPage1ViewController.h; sourceTree = "<group>"; };
		CEA743EB18CA137C003CF3F8 /* ZDJGPage1ViewController.m */ = {isa = PBXFileReference; fileEncoding = 4; lastKnownFileType = sourcecode.c.objc; path = ZDJGPage1ViewController.m; sourceTree = "<group>"; };
		CEA743ED18CA1E05003CF3F8 /* ZDJGM1.png */ = {isa = PBXFileReference; lastKnownFileType = image.png; path = ZDJGM1.png; sourceTree = "<group>"; };
		CE1CAC0518CAFC3C00BC0F4E /* qzButton@2x.png */ = {isa = PBXFileReference; lastKnownFileType = image.png; path = "qzButton@2x.png"; sourceTree = "<group>"; };
		CEA743ED18CA1E05003CF3F8 /* ZDJGM1@2x.png */ = {isa = PBXFileReference; lastKnownFileType = image.png; path = "ZDJGM1@2x.png"; sourceTree = "<group>"; };
		CEA743F018CA2037003CF3F8 /* LLUIPickView.h */ = {isa = PBXFileReference; fileEncoding = 4; lastKnownFileType = sourcecode.c.h; path = LLUIPickView.h; sourceTree = "<group>"; };
		CEA743F118CA2037003CF3F8 /* LLUIPickView.m */ = {isa = PBXFileReference; fileEncoding = 4; lastKnownFileType = sourcecode.c.objc; path = LLUIPickView.m; sourceTree = "<group>"; };
		CEB92C2718C63707009928EB /* UIFont+MicrosoftFont.h */ = {isa = PBXFileReference; fileEncoding = 4; lastKnownFileType = sourcecode.c.h; path = "UIFont+MicrosoftFont.h"; sourceTree = "<group>"; };
		CEB92C2818C63707009928EB /* UIFont+MicrosoftFont.m */ = {isa = PBXFileReference; fileEncoding = 4; lastKnownFileType = sourcecode.c.objc; path = "UIFont+MicrosoftFont.m"; sourceTree = "<group>"; };
		CEB92C2A18C75AD1009928EB /* MSYH.TTF */ = {isa = PBXFileReference; lastKnownFileType = file; path = MSYH.TTF; sourceTree = "<group>"; };
/* End PBXFileReference section */

/* Begin PBXFrameworksBuildPhase section */
		07AF0AA618BCDC8C002356CE /* Frameworks */ = {
			isa = PBXFrameworksBuildPhase;
			buildActionMask = 2147483647;
			files = (
				07D2AD6F18C3469C00FEC498 /* CoreLocation.framework in Frameworks */,
				07D2AD6D18C3469400FEC498 /* Security.framework in Frameworks */,
				07D2AD6B18C3468D00FEC498 /* SystemConfiguration.framework in Frameworks */,
				07D2AD6918C3468300FEC498 /* MobileCoreServices.framework in Frameworks */,
				07AF0AAF18BCDC8C002356CE /* CoreGraphics.framework in Frameworks */,
				07AF0AB118BCDC8C002356CE /* UIKit.framework in Frameworks */,
				07AF0AAD18BCDC8C002356CE /* Foundation.framework in Frameworks */,
			);
			runOnlyForDeploymentPostprocessing = 0;
		};
		07AF0AC718BCDC8C002356CE /* Frameworks */ = {
			isa = PBXFrameworksBuildPhase;
			buildActionMask = 2147483647;
			files = (
				07AF0ACC18BCDC8C002356CE /* XCTest.framework in Frameworks */,
				07AF0ACE18BCDC8C002356CE /* UIKit.framework in Frameworks */,
				07AF0ACD18BCDC8C002356CE /* Foundation.framework in Frameworks */,
			);
			runOnlyForDeploymentPostprocessing = 0;
		};
/* End PBXFrameworksBuildPhase section */

/* Begin PBXGroup section */
		0750C73618C1B13A00640D1F /* images */ = {
			isa = PBXGroup;
			children = (
				07D5284B18CAC70F005FCB7A /* lcjcCellRightButtonSelected@2x.png */,
				07D5284C18CAC70F005FCB7A /* lcjcCellRightButtonUnselected@2x.png */,
				07D5284618CAB8CA005FCB7A /* lcjcBG@2x.png */,
				CE1CAC0518CAFC3C00BC0F4E /* qzButton@2x.png */,
				07D5284418CA27DA005FCB7A /* hzqkBG@2x.png */,
				CEA743ED18CA1E05003CF3F8 /* ZDJGM1@2x.png */,
				0759650018C1D55700B17B2D /* bcjzSelected@2x.png */,
				0759650118C1D55700B17B2D /* bcjzUnselected@2x.png */,
				0759650218C1D55700B17B2D /* zdjgSelected@2x.png */,
				0759650318C1D55700B17B2D /* zdjgUnselected@2x.png */,
				0759650418C1D55700B17B2D /* zlfaSelected@2x.png */,
				0759650518C1D55700B17B2D /* zlfaUnselected@2x.png */,
				0750C74818C1CF4200640D1F /* hzqkSelected@2x.png */,
				0750C74918C1CF4200640D1F /* hzqkUnselected@2x.png */,
				0750C74A18C1CF4200640D1F /* lcjcSelected@2x.png */,
				0750C74B18C1CF4200640D1F /* lcjcUnselected@2x.png */,
				0750C74618C1CA6F00640D1F /* leftMenuBG@2x.png */,
				0750C74018C1BBE500640D1F /* caseButtonSelected@2x.png */,
				0750C73E18C1B4E300640D1F /* selectCase@2x.png */,
				0750C73C18C1B45500640D1F /* cover2@2x.png */,
				0750C73718C1B23A00640D1F /* cover1@2x.png */,
			);
			path = images;
			sourceTree = "<group>";
		};
		07AF0AA018BCDC8C002356CE = {
			isa = PBXGroup;
			children = (
				07AF0AB218BCDC8C002356CE /* Work_For_Fun_20140225 */,
				07AF0AD118BCDC8C002356CE /* Work_For_Fun_20140225Tests */,
				07AF0AAB18BCDC8C002356CE /* Frameworks */,
				07AF0AAA18BCDC8C002356CE /* Products */,
			);
			sourceTree = "<group>";
		};
		07AF0AAA18BCDC8C002356CE /* Products */ = {
			isa = PBXGroup;
			children = (
				07AF0AA918BCDC8C002356CE /* Work_For_Fun_20140225.app */,
				07AF0ACA18BCDC8C002356CE /* Work_For_Fun_20140225Tests.xctest */,
			);
			name = Products;
			sourceTree = "<group>";
		};
		07AF0AAB18BCDC8C002356CE /* Frameworks */ = {
			isa = PBXGroup;
			children = (
				07D2AD6E18C3469C00FEC498 /* CoreLocation.framework */,
				07D2AD6C18C3469400FEC498 /* Security.framework */,
				07D2AD6A18C3468D00FEC498 /* SystemConfiguration.framework */,
				07D2AD6818C3468300FEC498 /* MobileCoreServices.framework */,
				07AF0AAC18BCDC8C002356CE /* Foundation.framework */,
				07AF0AAE18BCDC8C002356CE /* CoreGraphics.framework */,
				07AF0AB018BCDC8C002356CE /* UIKit.framework */,
				07AF0ACB18BCDC8C002356CE /* XCTest.framework */,
			);
			name = Frameworks;
			sourceTree = "<group>";
		};
		07AF0AB218BCDC8C002356CE /* Work_For_Fun_20140225 */ = {
			isa = PBXGroup;
			children = (
				CEA743EF18CA2016003CF3F8 /* LLSubClasses */,
				0750C73618C1B13A00640D1F /* images */,
				07AF0ABB18BCDC8C002356CE /* AppDelegate.h */,
				07AF0ABC18BCDC8C002356CE /* AppDelegate.m */,
				07AF0ABE18BCDC8C002356CE /* Main.storyboard */,
				07AF0AC418BCDC8C002356CE /* Images.xcassets */,
				07AF0AB318BCDC8C002356CE /* Supporting Files */,
				07AF0AE518BE325B002356CE /* CoverViewController.h */,
				07AF0AE618BE325B002356CE /* CoverViewController.m */,
				0750C73918C1B35200640D1F /* Cover2ViewController.h */,
				0750C73A18C1B35200640D1F /* Cover2ViewController.m */,
				07AF0AE818BE3A08002356CE /* SelectCaseViewController.h */,
				07AF0AE918BE3A08002356CE /* SelectCaseViewController.m */,
				07AF0B2C18BF07A5002356CE /* MainViewController.h */,
				07AF0B2D18BF07A5002356CE /* MainViewController.m */,
				07AF0B2F18BF0A85002356CE /* LLUIView.h */,
				07AF0B3018BF0A85002356CE /* LLUIView.m */,
				07AF0B3218BF0A9E002356CE /* LLUIButton.h */,
				07AF0B3318BF0A9E002356CE /* LLUIButton.m */,
				07AF0B3518BF0BFE002356CE /* LLGlobalContant.h */,
				07AF0B3618BF0BFE002356CE /* LLGlobalContant.m */,
			);
			path = Work_For_Fun_20140225;
			sourceTree = "<group>";
		};
		07AF0AB318BCDC8C002356CE /* Supporting Files */ = {
			isa = PBXGroup;
			children = (
				CEB92C2218C63339009928EB /* Fonts */,
				07B52C2B18C62BEF0003B3C2 /* Settings */,
				07D2AD7018C3473F00FEC498 /* Vendor */,
				07AF0AB418BCDC8C002356CE /* Work_For_Fun_20140225-Info.plist */,
				07AF0AB518BCDC8C002356CE /* InfoPlist.strings */,
				07AF0AB818BCDC8C002356CE /* main.m */,
				07AF0ABA18BCDC8C002356CE /* Work_For_Fun_20140225-Prefix.pch */,
			);
			name = "Supporting Files";
			sourceTree = "<group>";
		};
		07AF0AD118BCDC8C002356CE /* Work_For_Fun_20140225Tests */ = {
			isa = PBXGroup;
			children = (
				07AF0AD718BCDC8C002356CE /* Work_For_Fun_20140225Tests.m */,
				07AF0AD218BCDC8C002356CE /* Supporting Files */,
			);
			path = Work_For_Fun_20140225Tests;
			sourceTree = "<group>";
		};
		07AF0AD218BCDC8C002356CE /* Supporting Files */ = {
			isa = PBXGroup;
			children = (
				07AF0AD318BCDC8C002356CE /* Work_For_Fun_20140225Tests-Info.plist */,
				07AF0AD418BCDC8C002356CE /* InfoPlist.strings */,
			);
			name = "Supporting Files";
			sourceTree = "<group>";
		};
		07B52C2718C620340003B3C2 /* MBProgressHUD */ = {
			isa = PBXGroup;
			children = (
				07B52C2818C620340003B3C2 /* MBProgressHUD.h */,
				07B52C2918C620340003B3C2 /* MBProgressHUD.m */,
			);
			path = MBProgressHUD;
			sourceTree = "<group>";
		};
		07B52C2B18C62BEF0003B3C2 /* Settings */ = {
			isa = PBXGroup;
			children = (
				07B52C2C18C62BEF0003B3C2 /* Settings.bundle */,
			);
			path = Settings;
			sourceTree = "<group>";
		};
		07D2AD7018C3473F00FEC498 /* Vendor */ = {
			isa = PBXGroup;
			children = (
				07B52C2718C620340003B3C2 /* MBProgressHUD */,
				07D2AD7118C3473F00FEC498 /* AFNetworking */,
				07D2AD8518C3473F00FEC498 /* UIKit+AFNetworking */,
			);
			path = Vendor;
			sourceTree = "<group>";
		};
		07D2AD7118C3473F00FEC498 /* AFNetworking */ = {
			isa = PBXGroup;
			children = (
				07D2AD7218C3473F00FEC498 /* AFHTTPRequestOperation.h */,
				07D2AD7318C3473F00FEC498 /* AFHTTPRequestOperation.m */,
				07D2AD7418C3473F00FEC498 /* AFHTTPRequestOperationManager.h */,
				07D2AD7518C3473F00FEC498 /* AFHTTPRequestOperationManager.m */,
				07D2AD7618C3473F00FEC498 /* AFHTTPSessionManager.h */,
				07D2AD7718C3473F00FEC498 /* AFHTTPSessionManager.m */,
				07D2AD7818C3473F00FEC498 /* AFNetworking.h */,
				07D2AD7918C3473F00FEC498 /* AFNetworkReachabilityManager.h */,
				07D2AD7A18C3473F00FEC498 /* AFNetworkReachabilityManager.m */,
				07D2AD7B18C3473F00FEC498 /* AFSecurityPolicy.h */,
				07D2AD7C18C3473F00FEC498 /* AFSecurityPolicy.m */,
				07D2AD7D18C3473F00FEC498 /* AFURLConnectionOperation.h */,
				07D2AD7E18C3473F00FEC498 /* AFURLConnectionOperation.m */,
				07D2AD7F18C3473F00FEC498 /* AFURLRequestSerialization.h */,
				07D2AD8018C3473F00FEC498 /* AFURLRequestSerialization.m */,
				07D2AD8118C3473F00FEC498 /* AFURLResponseSerialization.h */,
				07D2AD8218C3473F00FEC498 /* AFURLResponseSerialization.m */,
				07D2AD8318C3473F00FEC498 /* AFURLSessionManager.h */,
				07D2AD8418C3473F00FEC498 /* AFURLSessionManager.m */,
			);
			path = AFNetworking;
			sourceTree = "<group>";
		};
		07D2AD8518C3473F00FEC498 /* UIKit+AFNetworking */ = {
			isa = PBXGroup;
			children = (
				07D2AD8618C3473F00FEC498 /* AFNetworkActivityIndicatorManager.h */,
				07D2AD8718C3473F00FEC498 /* AFNetworkActivityIndicatorManager.m */,
				07D2AD8818C3473F00FEC498 /* UIActivityIndicatorView+AFNetworking.h */,
				07D2AD8918C3473F00FEC498 /* UIActivityIndicatorView+AFNetworking.m */,
				07D2AD8A18C3473F00FEC498 /* UIAlertView+AFNetworking.h */,
				07D2AD8B18C3473F00FEC498 /* UIAlertView+AFNetworking.m */,
				07D2AD8C18C3473F00FEC498 /* UIButton+AFNetworking.h */,
				07D2AD8D18C3473F00FEC498 /* UIButton+AFNetworking.m */,
				07D2AD8E18C3473F00FEC498 /* UIImageView+AFNetworking.h */,
				07D2AD8F18C3473F00FEC498 /* UIImageView+AFNetworking.m */,
				07D2AD9018C3473F00FEC498 /* UIKit+AFNetworking.h */,
				07D2AD9118C3473F00FEC498 /* UIProgressView+AFNetworking.h */,
				07D2AD9218C3473F00FEC498 /* UIProgressView+AFNetworking.m */,
				07D2AD9318C3473F00FEC498 /* UIRefreshControl+AFNetworking.h */,
				07D2AD9418C3473F00FEC498 /* UIRefreshControl+AFNetworking.m */,
				07D2AD9518C3473F00FEC498 /* UIWebView+AFNetworking.h */,
				07D2AD9618C3473F00FEC498 /* UIWebView+AFNetworking.m */,
			);
			path = "UIKit+AFNetworking";
			sourceTree = "<group>";
		};
		CEA743EF18CA2016003CF3F8 /* LLSubClasses */ = {
			isa = PBXGroup;
			children = (
				CEA743F018CA2037003CF3F8 /* LLUIPickView.h */,
				CEA743F118CA2037003CF3F8 /* LLUIPickView.m */,
			);
			path = LLSubClasses;
			sourceTree = "<group>";
		};
		CEB92C2218C63339009928EB /* Fonts */ = {
			isa = PBXGroup;
			children = (
				CEB92C2A18C75AD1009928EB /* MSYH.TTF */,
				CEB92C2718C63707009928EB /* UIFont+MicrosoftFont.h */,
				CEB92C2818C63707009928EB /* UIFont+MicrosoftFont.m */,
			);
			path = Fonts;
			sourceTree = "<group>";
		};
/* End PBXGroup section */

/* Begin PBXNativeTarget section */
		07AF0AA818BCDC8C002356CE /* Work_For_Fun_20140225 */ = {
			isa = PBXNativeTarget;
			buildConfigurationList = 07AF0ADB18BCDC8C002356CE /* Build configuration list for PBXNativeTarget "Work_For_Fun_20140225" */;
			buildPhases = (
				07AF0AA518BCDC8C002356CE /* Sources */,
				07AF0AA618BCDC8C002356CE /* Frameworks */,
				07AF0AA718BCDC8C002356CE /* Resources */,
			);
			buildRules = (
			);
			dependencies = (
			);
			name = Work_For_Fun_20140225;
			productName = Work_For_Fun_20140225;
			productReference = 07AF0AA918BCDC8C002356CE /* Work_For_Fun_20140225.app */;
			productType = "com.apple.product-type.application";
		};
		07AF0AC918BCDC8C002356CE /* Work_For_Fun_20140225Tests */ = {
			isa = PBXNativeTarget;
			buildConfigurationList = 07AF0ADE18BCDC8C002356CE /* Build configuration list for PBXNativeTarget "Work_For_Fun_20140225Tests" */;
			buildPhases = (
				07AF0AC618BCDC8C002356CE /* Sources */,
				07AF0AC718BCDC8C002356CE /* Frameworks */,
				07AF0AC818BCDC8C002356CE /* Resources */,
			);
			buildRules = (
			);
			dependencies = (
				07AF0AD018BCDC8C002356CE /* PBXTargetDependency */,
			);
			name = Work_For_Fun_20140225Tests;
			productName = Work_For_Fun_20140225Tests;
			productReference = 07AF0ACA18BCDC8C002356CE /* Work_For_Fun_20140225Tests.xctest */;
			productType = "com.apple.product-type.bundle.unit-test";
		};
/* End PBXNativeTarget section */

/* Begin PBXProject section */
		07AF0AA118BCDC8C002356CE /* Project object */ = {
			isa = PBXProject;
			attributes = {
				LastUpgradeCheck = 0500;
				ORGANIZATIONNAME = Snail;
				TargetAttributes = {
					07AF0AA818BCDC8C002356CE = {
						DevelopmentTeam = PMEG45YRP4;
					};
					07AF0AC918BCDC8C002356CE = {
						TestTargetID = 07AF0AA818BCDC8C002356CE;
					};
				};
			};
			buildConfigurationList = 07AF0AA418BCDC8C002356CE /* Build configuration list for PBXProject "Work_For_Fun_20140225" */;
			compatibilityVersion = "Xcode 3.2";
			developmentRegion = English;
			hasScannedForEncodings = 0;
			knownRegions = (
				en,
				Base,
			);
			mainGroup = 07AF0AA018BCDC8C002356CE;
			productRefGroup = 07AF0AAA18BCDC8C002356CE /* Products */;
			projectDirPath = "";
			projectRoot = "";
			targets = (
				07AF0AA818BCDC8C002356CE /* Work_For_Fun_20140225 */,
				07AF0AC918BCDC8C002356CE /* Work_For_Fun_20140225Tests */,
			);
		};
/* End PBXProject section */

/* Begin PBXResourcesBuildPhase section */
		07AF0AA718BCDC8C002356CE /* Resources */ = {
			isa = PBXResourcesBuildPhase;
			buildActionMask = 2147483647;
			files = (
				0750C73F18C1B4E300640D1F /* selectCase@2x.png in Resources */,
				07D5284E18CAC70F005FCB7A /* lcjcCellRightButtonUnselected@2x.png in Resources */,
				07B52C2D18C62BEF0003B3C2 /* Settings.bundle in Resources */,
				07D5284D18CAC70F005FCB7A /* lcjcCellRightButtonSelected@2x.png in Resources */,
				CE1CAC0618CAFC3C00BC0F4E /* qzButton@2x.png in Resources */,
				0750C73D18C1B45500640D1F /* cover2@2x.png in Resources */,
				0759650818C1D55700B17B2D /* zdjgSelected@2x.png in Resources */,
				07AF0AC518BCDC8C002356CE /* Images.xcassets in Resources */,
				0759650718C1D55700B17B2D /* bcjzUnselected@2x.png in Resources */,
				0759650618C1D55700B17B2D /* bcjzSelected@2x.png in Resources */,
				07AF0AB718BCDC8C002356CE /* InfoPlist.strings in Resources */,
				0759650B18C1D55700B17B2D /* zlfaUnselected@2x.png in Resources */,
				07D5284718CAB8CA005FCB7A /* lcjcBG@2x.png in Resources */,
				0750C74E18C1CF4200640D1F /* lcjcSelected@2x.png in Resources */,
				07D5284518CA27DA005FCB7A /* hzqkBG@2x.png in Resources */,
				0750C73818C1B23A00640D1F /* cover1@2x.png in Resources */,
				0750C74F18C1CF4200640D1F /* lcjcUnselected@2x.png in Resources */,
				0750C74118C1BBE500640D1F /* caseButtonSelected@2x.png in Resources */,
				CEB92C2C18C75AD1009928EB /* MSYH.TTF in Resources */,
				07AF0AC018BCDC8C002356CE /* Main.storyboard in Resources */,
				0750C74C18C1CF4200640D1F /* hzqkSelected@2x.png in Resources */,
				0759650918C1D55700B17B2D /* zdjgUnselected@2x.png in Resources */,
				0759650A18C1D55700B17B2D /* zlfaSelected@2x.png in Resources */,
				CEA743EE18CA1E05003CF3F8 /* ZDJGM1@2x.png in Resources */,
				0750C74D18C1CF4200640D1F /* hzqkUnselected@2x.png in Resources */,
				0750C74718C1CA6F00640D1F /* leftMenuBG@2x.png in Resources */,
			);
			runOnlyForDeploymentPostprocessing = 0;
		};
		07AF0AC818BCDC8C002356CE /* Resources */ = {
			isa = PBXResourcesBuildPhase;
			buildActionMask = 2147483647;
			files = (
				07AF0AD618BCDC8C002356CE /* InfoPlist.strings in Resources */,
			);
			runOnlyForDeploymentPostprocessing = 0;
		};
/* End PBXResourcesBuildPhase section */

/* Begin PBXSourcesBuildPhase section */
		07AF0AA518BCDC8C002356CE /* Sources */ = {
			isa = PBXSourcesBuildPhase;
			buildActionMask = 2147483647;
			files = (
				07D2AD9B18C3473F00FEC498 /* AFSecurityPolicy.m in Sources */,
				07AF0AEA18BE3A08002356CE /* SelectCaseViewController.m in Sources */,
				07D2AD9A18C3473F00FEC498 /* AFNetworkReachabilityManager.m in Sources */,
				07AF0B3418BF0A9E002356CE /* LLUIButton.m in Sources */,
				07D2ADA018C3473F00FEC498 /* AFNetworkActivityIndicatorManager.m in Sources */,
				07D2ADA418C3473F00FEC498 /* UIImageView+AFNetworking.m in Sources */,
				07D2AD9C18C3473F00FEC498 /* AFURLConnectionOperation.m in Sources */,
				07D2ADA118C3473F00FEC498 /* UIActivityIndicatorView+AFNetworking.m in Sources */,
				07D2ADA718C3473F00FEC498 /* UIWebView+AFNetworking.m in Sources */,
				07D2AD9718C3473F00FEC498 /* AFHTTPRequestOperation.m in Sources */,
				07D2AD9918C3473F00FEC498 /* AFHTTPSessionManager.m in Sources */,
				07D2ADA218C3473F00FEC498 /* UIAlertView+AFNetworking.m in Sources */,
				07D2AD9D18C3473F00FEC498 /* AFURLRequestSerialization.m in Sources */,
				07B52C2A18C620340003B3C2 /* MBProgressHUD.m in Sources */,
				07AF0AE718BE325B002356CE /* CoverViewController.m in Sources */,
				07D2AD9F18C3473F00FEC498 /* AFURLSessionManager.m in Sources */,
				07AF0ABD18BCDC8C002356CE /* AppDelegate.m in Sources */,
				07D2AD9818C3473F00FEC498 /* AFHTTPRequestOperationManager.m in Sources */,
				07D2ADA518C3473F00FEC498 /* UIProgressView+AFNetworking.m in Sources */,
				0750C73B18C1B35200640D1F /* Cover2ViewController.m in Sources */,
				CEA743F218CA2037003CF3F8 /* LLUIPickView.m in Sources */,
				07D2ADA318C3473F00FEC498 /* UIButton+AFNetworking.m in Sources */,
				07D2AD9E18C3473F00FEC498 /* AFURLResponseSerialization.m in Sources */,
				CEB92C2918C63707009928EB /* UIFont+MicrosoftFont.m in Sources */,
				07AF0B3718BF0BFE002356CE /* LLGlobalContant.m in Sources */,
				07AF0B2E18BF07A5002356CE /* MainViewController.m in Sources */,
				07D2ADA618C3473F00FEC498 /* UIRefreshControl+AFNetworking.m in Sources */,
				07AF0B3118BF0A85002356CE /* LLUIView.m in Sources */,
				07AF0AB918BCDC8C002356CE /* main.m in Sources */,
			);
			runOnlyForDeploymentPostprocessing = 0;
		};
		07AF0AC618BCDC8C002356CE /* Sources */ = {
			isa = PBXSourcesBuildPhase;
			buildActionMask = 2147483647;
			files = (
				07AF0AD818BCDC8C002356CE /* Work_For_Fun_20140225Tests.m in Sources */,
			);
			runOnlyForDeploymentPostprocessing = 0;
		};
/* End PBXSourcesBuildPhase section */

/* Begin PBXTargetDependency section */
		07AF0AD018BCDC8C002356CE /* PBXTargetDependency */ = {
			isa = PBXTargetDependency;
			target = 07AF0AA818BCDC8C002356CE /* Work_For_Fun_20140225 */;
			targetProxy = 07AF0ACF18BCDC8C002356CE /* PBXContainerItemProxy */;
		};
/* End PBXTargetDependency section */

/* Begin PBXVariantGroup section */
		07AF0AB518BCDC8C002356CE /* InfoPlist.strings */ = {
			isa = PBXVariantGroup;
			children = (
				07AF0AB618BCDC8C002356CE /* en */,
			);
			name = InfoPlist.strings;
			sourceTree = "<group>";
		};
		07AF0ABE18BCDC8C002356CE /* Main.storyboard */ = {
			isa = PBXVariantGroup;
			children = (
				07AF0ABF18BCDC8C002356CE /* Base */,
			);
			name = Main.storyboard;
			sourceTree = "<group>";
		};
		07AF0AD418BCDC8C002356CE /* InfoPlist.strings */ = {
			isa = PBXVariantGroup;
			children = (
				07AF0AD518BCDC8C002356CE /* en */,
			);
			name = InfoPlist.strings;
			sourceTree = "<group>";
		};
/* End PBXVariantGroup section */

/* Begin XCBuildConfiguration section */
		07AF0AD918BCDC8C002356CE /* Debug */ = {
			isa = XCBuildConfiguration;
			buildSettings = {
				ALWAYS_SEARCH_USER_PATHS = NO;
				ARCHS = "$(ARCHS_STANDARD_INCLUDING_64_BIT)";
				CLANG_CXX_LANGUAGE_STANDARD = "gnu++0x";
				CLANG_CXX_LIBRARY = "libc++";
				CLANG_ENABLE_MODULES = YES;
				CLANG_ENABLE_OBJC_ARC = YES;
				CLANG_WARN_BOOL_CONVERSION = YES;
				CLANG_WARN_CONSTANT_CONVERSION = YES;
				CLANG_WARN_DIRECT_OBJC_ISA_USAGE = YES_ERROR;
				CLANG_WARN_EMPTY_BODY = YES;
				CLANG_WARN_ENUM_CONVERSION = YES;
				CLANG_WARN_INT_CONVERSION = YES;
				CLANG_WARN_OBJC_ROOT_CLASS = YES_ERROR;
				CLANG_WARN__DUPLICATE_METHOD_MATCH = YES;
				CODE_SIGN_IDENTITY = "iPhone Developer";
				"CODE_SIGN_IDENTITY[sdk=iphoneos*]" = "iPhone Developer";
				COPY_PHASE_STRIP = NO;
				GCC_C_LANGUAGE_STANDARD = gnu99;
				GCC_DYNAMIC_NO_PIC = NO;
				GCC_OPTIMIZATION_LEVEL = 0;
				GCC_PREPROCESSOR_DEFINITIONS = (
					"DEBUG=1",
					"$(inherited)",
				);
				GCC_SYMBOLS_PRIVATE_EXTERN = NO;
				GCC_WARN_64_TO_32_BIT_CONVERSION = YES;
				GCC_WARN_ABOUT_RETURN_TYPE = YES_ERROR;
				GCC_WARN_UNDECLARED_SELECTOR = YES;
				GCC_WARN_UNINITIALIZED_AUTOS = YES;
				GCC_WARN_UNUSED_FUNCTION = YES;
				GCC_WARN_UNUSED_VARIABLE = YES;
				IPHONEOS_DEPLOYMENT_TARGET = 7.0;
				ONLY_ACTIVE_ARCH = YES;
				SDKROOT = iphoneos;
				TARGETED_DEVICE_FAMILY = 2;
			};
			name = Debug;
		};
		07AF0ADA18BCDC8C002356CE /* Release */ = {
			isa = XCBuildConfiguration;
			buildSettings = {
				ALWAYS_SEARCH_USER_PATHS = NO;
				ARCHS = "$(ARCHS_STANDARD_INCLUDING_64_BIT)";
				CLANG_CXX_LANGUAGE_STANDARD = "gnu++0x";
				CLANG_CXX_LIBRARY = "libc++";
				CLANG_ENABLE_MODULES = YES;
				CLANG_ENABLE_OBJC_ARC = YES;
				CLANG_WARN_BOOL_CONVERSION = YES;
				CLANG_WARN_CONSTANT_CONVERSION = YES;
				CLANG_WARN_DIRECT_OBJC_ISA_USAGE = YES_ERROR;
				CLANG_WARN_EMPTY_BODY = YES;
				CLANG_WARN_ENUM_CONVERSION = YES;
				CLANG_WARN_INT_CONVERSION = YES;
				CLANG_WARN_OBJC_ROOT_CLASS = YES_ERROR;
				CLANG_WARN__DUPLICATE_METHOD_MATCH = YES;
				CODE_SIGN_IDENTITY = "iPhone Developer";
				"CODE_SIGN_IDENTITY[sdk=iphoneos*]" = "iPhone Developer";
				COPY_PHASE_STRIP = YES;
				ENABLE_NS_ASSERTIONS = NO;
				GCC_C_LANGUAGE_STANDARD = gnu99;
				GCC_WARN_64_TO_32_BIT_CONVERSION = YES;
				GCC_WARN_ABOUT_RETURN_TYPE = YES_ERROR;
				GCC_WARN_UNDECLARED_SELECTOR = YES;
				GCC_WARN_UNINITIALIZED_AUTOS = YES;
				GCC_WARN_UNUSED_FUNCTION = YES;
				GCC_WARN_UNUSED_VARIABLE = YES;
				IPHONEOS_DEPLOYMENT_TARGET = 7.0;
				SDKROOT = iphoneos;
				TARGETED_DEVICE_FAMILY = 2;
				VALIDATE_PRODUCT = YES;
			};
			name = Release;
		};
		07AF0ADC18BCDC8C002356CE /* Debug */ = {
			isa = XCBuildConfiguration;
			buildSettings = {
				ASSETCATALOG_COMPILER_APPICON_NAME = AppIcon;
				ASSETCATALOG_COMPILER_LAUNCHIMAGE_NAME = LaunchImage;
				CODE_SIGN_IDENTITY = "iPhone Developer";
				"CODE_SIGN_IDENTITY[sdk=iphoneos*]" = "iPhone Developer: Julia Zhang (PRP8HDN7Z6)";
				GCC_PRECOMPILE_PREFIX_HEADER = YES;
				GCC_PREFIX_HEADER = "Work_For_Fun_20140225/Work_For_Fun_20140225-Prefix.pch";
				INFOPLIST_FILE = "Work_For_Fun_20140225/Work_For_Fun_20140225-Info.plist";
				PRODUCT_NAME = "$(TARGET_NAME)";
				PROVISIONING_PROFILE = "";
				WRAPPER_EXTENSION = app;
			};
			name = Debug;
		};
		07AF0ADD18BCDC8C002356CE /* Release */ = {
			isa = XCBuildConfiguration;
			buildSettings = {
				ASSETCATALOG_COMPILER_APPICON_NAME = AppIcon;
				ASSETCATALOG_COMPILER_LAUNCHIMAGE_NAME = LaunchImage;
				CODE_SIGN_IDENTITY = "iPhone Developer";
				"CODE_SIGN_IDENTITY[sdk=iphoneos*]" = "iPhone Developer: Julia Zhang (PRP8HDN7Z6)";
				GCC_PRECOMPILE_PREFIX_HEADER = YES;
				GCC_PREFIX_HEADER = "Work_For_Fun_20140225/Work_For_Fun_20140225-Prefix.pch";
				INFOPLIST_FILE = "Work_For_Fun_20140225/Work_For_Fun_20140225-Info.plist";
				PRODUCT_NAME = "$(TARGET_NAME)";
				PROVISIONING_PROFILE = "";
				WRAPPER_EXTENSION = app;
			};
			name = Release;
		};
		07AF0ADF18BCDC8C002356CE /* Debug */ = {
			isa = XCBuildConfiguration;
			buildSettings = {
				ARCHS = "$(ARCHS_STANDARD_INCLUDING_64_BIT)";
				BUNDLE_LOADER = "$(BUILT_PRODUCTS_DIR)/Work_For_Fun_20140225.app/Work_For_Fun_20140225";
				FRAMEWORK_SEARCH_PATHS = (
					"$(SDKROOT)/Developer/Library/Frameworks",
					"$(inherited)",
					"$(DEVELOPER_FRAMEWORKS_DIR)",
				);
				GCC_PRECOMPILE_PREFIX_HEADER = YES;
				GCC_PREFIX_HEADER = "Work_For_Fun_20140225/Work_For_Fun_20140225-Prefix.pch";
				GCC_PREPROCESSOR_DEFINITIONS = (
					"DEBUG=1",
					"$(inherited)",
				);
				INFOPLIST_FILE = "Work_For_Fun_20140225Tests/Work_For_Fun_20140225Tests-Info.plist";
				PRODUCT_NAME = "$(TARGET_NAME)";
				TEST_HOST = "$(BUNDLE_LOADER)";
				WRAPPER_EXTENSION = xctest;
			};
			name = Debug;
		};
		07AF0AE018BCDC8C002356CE /* Release */ = {
			isa = XCBuildConfiguration;
			buildSettings = {
				ARCHS = "$(ARCHS_STANDARD_INCLUDING_64_BIT)";
				BUNDLE_LOADER = "$(BUILT_PRODUCTS_DIR)/Work_For_Fun_20140225.app/Work_For_Fun_20140225";
				FRAMEWORK_SEARCH_PATHS = (
					"$(SDKROOT)/Developer/Library/Frameworks",
					"$(inherited)",
					"$(DEVELOPER_FRAMEWORKS_DIR)",
				);
				GCC_PRECOMPILE_PREFIX_HEADER = YES;
				GCC_PREFIX_HEADER = "Work_For_Fun_20140225/Work_For_Fun_20140225-Prefix.pch";
				INFOPLIST_FILE = "Work_For_Fun_20140225Tests/Work_For_Fun_20140225Tests-Info.plist";
				PRODUCT_NAME = "$(TARGET_NAME)";
				TEST_HOST = "$(BUNDLE_LOADER)";
				WRAPPER_EXTENSION = xctest;
			};
			name = Release;
		};
/* End XCBuildConfiguration section */

/* Begin XCConfigurationList section */
		07AF0AA418BCDC8C002356CE /* Build configuration list for PBXProject "Work_For_Fun_20140225" */ = {
			isa = XCConfigurationList;
			buildConfigurations = (
				07AF0AD918BCDC8C002356CE /* Debug */,
				07AF0ADA18BCDC8C002356CE /* Release */,
			);
			defaultConfigurationIsVisible = 0;
			defaultConfigurationName = Release;
		};
		07AF0ADB18BCDC8C002356CE /* Build configuration list for PBXNativeTarget "Work_For_Fun_20140225" */ = {
			isa = XCConfigurationList;
			buildConfigurations = (
				07AF0ADC18BCDC8C002356CE /* Debug */,
				07AF0ADD18BCDC8C002356CE /* Release */,
			);
			defaultConfigurationIsVisible = 0;
			defaultConfigurationName = Release;
		};
		07AF0ADE18BCDC8C002356CE /* Build configuration list for PBXNativeTarget "Work_For_Fun_20140225Tests" */ = {
			isa = XCConfigurationList;
			buildConfigurations = (
				07AF0ADF18BCDC8C002356CE /* Debug */,
				07AF0AE018BCDC8C002356CE /* Release */,
			);
			defaultConfigurationIsVisible = 0;
			defaultConfigurationName = Release;
		};
/* End XCConfigurationList section */
	};
	rootObject = 07AF0AA118BCDC8C002356CE /* Project object */;
}
